
Microsoft Visual Studio Solution File, Format Version 12.00
# Visual Studio Version 16
VisualStudioVersion = 16.0.31313.79
MinimumVisualStudioVersion = 10.0.40219.1
Project("{FAE04EC0-301F-11D3-BF4B-00C04F79EFBC}") = "Cryptografie", "Cryptografie\Cryptografie.csproj", "{EE22A37C-2D7C-49FE-9815-6FB41F522C2E}"
EndProject
Global
	GlobalSection(SolutionConfigurationPlatforms) = preSolution
		Debug|Any CPU = Debug|Any CPU
		Release|Any CPU = Release|Any CPU
	EndGlobalSection
	GlobalSection(ProjectConfigurationPlatforms) = postSolution
		{EE22A37C-2D7C-49FE-9815-6FB41F522C2E}.Debug|Any CPU.ActiveCfg = Debug|Any CPU
		{EE22A37C-2D7C-49FE-9815-6FB41F522C2E}.Debug|Any CPU.Build.0 = Debug|Any CPU
		{EE22A37C-2D7C-49FE-9815-6FB41F522C2E}.Release|Any CPU.ActiveCfg = Release|Any CPU
		{EE22A37C-2D7C-49FE-9815-6FB41F522C2E}.Release|Any CPU.Build.0 = Release|Any CPU
	EndGlobalSection
	GlobalSection(SolutionProperties) = preSolution
		HideSolutionNode = FALSE
	EndGlobalSection
	GlobalSection(ExtensibilityGlobals) = postSolution
		SolutionGuid = {87F9936A-F356-4334-9710-EB64CC6250C5}
	EndGlobalSection
EndGlobal
